PODS:
  - Mantle (2.1.0):
    - Mantle/extobjc (= 2.1.0)
  - Mantle/extobjc (2.1.0)
  - SDWebImage (4.4.2):
    - SDWebImage/Core (= 4.4.2)
  - SDWebImage/Core (4.4.2)

DEPENDENCIES:
  - Mantle
  - SDWebImage

SPEC REPOS:
  https://github.com/cocoapods/specs.git:
    - Mantle
    - SDWebImage

SPEC CHECKSUMS:
  Mantle: 2fa750afa478cd625a94230fbf1c13462f29395b
  SDWebImage: 624d6e296c69b244bcede364c72ae0430ac14681

PODFILE CHECKSUM: 6cf0762406d52b725d88e234a3ef6fa99aa71b31

COCOAPODS: 1.5.3
